github.com/Jeffail/gabs/v2 v2.6.0 h1:WdCnGaDhNa4LSRTMwhLZzJ7SRDXjABNP13SOKvCpL5w=
github.com/Jeffail/gabs/v2 v2.6.0/go.mod h1:xCn81vdHKxFUuWWAaD5jCTQDNPBMh5pPs9IJ+NcziBI=
github.com/pkg/browser v0.0.0-20210115035449-ce105d075bb4 h1:Qj1ukM4GlMWXNdMBuXcXfz/Kw9s1qm0CLY32QxuSImI=
github.com/pkg/browser v0.0.0-20210115035449-ce105d075bb4/go.mod h1:N6UoU20jOqggOuDwUaBQpluzLNDqif3kq9z2wpdYEfQ=
golang.org/x/sys v0.0.0-20210503173754-0981d6026fa6 h1:cdsMqa2nXzqlgs183pHxtvoVwU7CyzaCTAUOg94af4c=
golang.org/x/sys v0.0.0-20210503173754-0981d6026fa6/go.mod h1:oPkhp1MJrh7nUepCBck5+mAzfO9JrbApNNgaTdGDITg=
